PODS:
  - Alamofire (5.4.1)
  - MinCloud (2.0.0-b):
    - MinCloud/Alipay (= 2.0.0-b)
    - MinCloud/Core (= 2.0.0-b)
    - MinCloud/Sina (= 2.0.0-b)
    - MinCloud/WeChat (= 2.0.0-b)
  - MinCloud/Alipay (2.0.0-b)
  - MinCloud/Core (2.0.0-b):
    - Alamofire (~> 5.0)
    - Moya (~> 14.0)
    - Starscream
  - MinCloud/Sina (2.0.0-b)
  - MinCloud/WeChat (2.0.0-b)
  - Moya (14.0.0):
    - Moya/Core (= 14.0.0)
  - Moya/Core (14.0.0):
    - Alamofire (~> 5.0)
  - Starscream (4.0.4)

DEPENDENCIES:
  - MinCloud (from `https://github.com/ifanrx/hydrogen-ios-sdk.git`, branch `2.0.0-b`)

SPEC REPOS:
  trunk:
    - Alamofire
    - Moya
    - Starscream

EXTERNAL SOURCES:
  MinCloud:
    :branch: 2.0.0-b
    :git: https://github.com/ifanrx/hydrogen-ios-sdk.git

CHECKOUT OPTIONS:
  MinCloud:
    :commit: f1c5c4520c7d6d83a095206fd5c865907014f292
    :git: https://github.com/ifanrx/hydrogen-ios-sdk.git

SPEC CHECKSUMS:
  Alamofire: 2291f7d21ca607c491dd17642e5d40fdcda0e65c
  MinCloud: 73ab60a012ec91085cc44e248fb3151f622e283f
  Moya: 5b45dacb75adb009f97fde91c204c1e565d31916
  Starscream: 5178aed56b316f13fa3bc55694e583d35dd414d9

PODFILE CHECKSUM: 4262b357a3e49913ce9c7cf22fbd27151edc5ed9

COCOAPODS: 1.10.0
