PODS:
  - Alamofire (4.9.1)
  - MinCloud (2.0.0-b):
    - MinCloud/Alipay (= 2.0.0-b)
    - MinCloud/Core (= 2.0.0-b)
    - MinCloud/Sina (= 2.0.0-b)
    - MinCloud/WeChat (= 2.0.0-b)
  - MinCloud/Alipay (2.0.0-b)
  - MinCloud/Core (2.0.0-b):
    - Moya (~> 13.0)
    - Starscream
  - MinCloud/Sina (2.0.0-b)
  - MinCloud/WeChat (2.0.0-b)
  - Moya (13.0.1):
    - Moya/Core (= 13.0.1)
  - Moya/Core (13.0.1):
    - Alamofire (~> 4.1)
    - Result (~> 4.1)
  - Result (4.1.0)
  - Starscream (4.0.4)

DEPENDENCIES:
  - MinCloud (from `https://github.com/ifanrx/hydrogen-ios-sdk.git`, branch `2.0.0-b`)
  - Moya (~> 13.0)

SPEC REPOS:
  trunk:
    - Alamofire
    - Moya
    - Result
    - Starscream

EXTERNAL SOURCES:
  MinCloud:
    :branch: 2.0.0-b
    :git: https://github.com/ifanrx/hydrogen-ios-sdk.git

CHECKOUT OPTIONS:
  MinCloud:
    :commit: 7c277a03ac3d09ea443e60b16f946cb4782f849d
    :git: https://github.com/ifanrx/hydrogen-ios-sdk.git

SPEC CHECKSUMS:
  Alamofire: 85e8a02c69d6020a0d734f6054870d7ecb75cf18
  MinCloud: 7b0d96cd6098fe42b6ce007c51269e0676ca1a09
  Moya: f4a4b80ff2f8a4ffc208dfb31cd91636622fee6e
  Result: bd966fac789cc6c1563440b348ab2598cc24d5c7
  Starscream: 5178aed56b316f13fa3bc55694e583d35dd414d9

PODFILE CHECKSUM: 2ff06538fe0130bc60ce6ee0be037d2e4c88337b

COCOAPODS: 1.10.0.rc.1
